{
	"requires": true,
	"lockfileVersion": 1,
	"dependencies": {
		"moment-timezone": {
			"version": "0.5.12",
			"resolved": "https://registry.npmjs.org/moment-timezone/-/moment-timezone-0.5.12.tgz",
			"integrity": "sha1-2Nb6UbNlBQ3hrHzFxuP6lpRE7eo=",
			"requires": {
				"moment": "2.19.1"
			},
			"dependencies": {
				"moment": {
					"version": "2.19.1",
					"resolved": "https://registry.npmjs.org/moment/-/moment-2.19.1.tgz",
					"integrity": "sha1-VtoaLRy/AdOLfhr8McELz6GSkWc="
				}
			}
		}
	}
}
